// !$*UTF8*$!
{
	archiveVersion = 1;
	classes = {
	};
	objectVersion = 55;
	objects = {

/* Begin PBXBuildFile section */
		5641CB2D289CFF9900432AFA /* ModelData.swift in Sources */ = {isa = PBXBuildFile; fileRef = 5641CB2B289CFF9900432AFA /* ModelData.swift */; };
		5641CB2E289CFF9900432AFA /* Destination.swift in Sources */ = {isa = PBXBuildFile; fileRef = 5641CB2C289CFF9900432AFA /* Destination.swift */; };
		5641CB3D289CFFAD00432AFA /* DestinationMapView.swift in Sources */ = {isa = PBXBuildFile; fileRef = 5641CB2F289CFFAC00432AFA /* DestinationMapView.swift */; };
		5641CB3E289CFFAD00432AFA /* GreetingView.swift in Sources */ = {isa = PBXBuildFile; fileRef = 5641CB30289CFFAC00432AFA /* GreetingView.swift */; };
		5641CB3F289CFFAD00432AFA /* DestinationPopular.swift in Sources */ = {isa = PBXBuildFile; fileRef = 5641CB31289CFFAC00432AFA /* DestinationPopular.swift */; };
		5641CB40289CFFAD00432AFA /* DestinationCard3.swift in Sources */ = {isa = PBXBuildFile; fileRef = 5641CB32289CFFAC00432AFA /* DestinationCard3.swift */; };
		5641CB41289CFFAD00432AFA /* DestinationTabView.swift in Sources */ = {isa = PBXBuildFile; fileRef = 5641CB33289CFFAC00432AFA /* DestinationTabView.swift */; };
		5641CB42289CFFAD00432AFA /* MainScreenView.swift in Sources */ = {isa = PBXBuildFile; fileRef = 5641CB34289CFFAC00432AFA /* MainScreenView.swift */; };
		5641CB44289CFFAD00432AFA /* AppBarView.swift in Sources */ = {isa = PBXBuildFile; fileRef = 5641CB36289CFFAC00432AFA /* AppBarView.swift */; };
		5641CB45289CFFAD00432AFA /* DestinationRecommended.swift in Sources */ = {isa = PBXBuildFile; fileRef = 5641CB37289CFFAC00432AFA /* DestinationRecommended.swift */; };
		5641CB46289CFFAD00432AFA /* DestinationCard1.swift in Sources */ = {isa = PBXBuildFile; fileRef = 5641CB38289CFFAC00432AFA /* DestinationCard1.swift */; };
		5641CB47289CFFAD00432AFA /* DestinationDetail.swift in Sources */ = {isa = PBXBuildFile; fileRef = 5641CB39289CFFAD00432AFA /* DestinationDetail.swift */; };
		5641CB49289CFFAD00432AFA /* DestinationCard2.swift in Sources */ = {isa = PBXBuildFile; fileRef = 5641CB3B289CFFAD00432AFA /* DestinationCard2.swift */; };
		5641CB4A289CFFAD00432AFA /* DestinationList.swift in Sources */ = {isa = PBXBuildFile; fileRef = 5641CB3C289CFFAD00432AFA /* DestinationList.swift */; };
		5641CB4C289CFFC200432AFA /* destinationsData.json in Resources */ = {isa = PBXBuildFile; fileRef = 5641CB4B289CFFC200432AFA /* destinationsData.json */; };
		5641CB50289CFFE700432AFA /* WelcomeView.swift in Sources */ = {isa = PBXBuildFile; fileRef = 5641CB4D289CFFE700432AFA /* WelcomeView.swift */; };
		5699E841289390580020A51E /* TravelAppApp.swift in Sources */ = {isa = PBXBuildFile; fileRef = 5699E840289390580020A51E /* TravelAppApp.swift */; };
		5699E843289390580020A51E /* ContentView.swift in Sources */ = {isa = PBXBuildFile; fileRef = 5699E842289390580020A51E /* ContentView.swift */; };
		5699E845289390590020A51E /* Assets.xcassets in Resources */ = {isa = PBXBuildFile; fileRef = 5699E844289390590020A51E /* Assets.xcassets */; };
		5699E848289390590020A51E /* Preview Assets.xcassets in Resources */ = {isa = PBXBuildFile; fileRef = 5699E847289390590020A51E /* Preview Assets.xcassets */; };
/* End PBXBuildFile section */

/* Begin PBXFileReference section */
		5641CB2B289CFF9900432AFA /* ModelData.swift */ = {isa = PBXFileReference; fileEncoding = 4; lastKnownFileType = sourcecode.swift; path = ModelData.swift; sourceTree = "<group>"; };
		5641CB2C289CFF9900432AFA /* Destination.swift */ = {isa = PBXFileReference; fileEncoding = 4; lastKnownFileType = sourcecode.swift; path = Destination.swift; sourceTree = "<group>"; };
		5641CB2F289CFFAC00432AFA /* DestinationMapView.swift */ = {isa = PBXFileReference; fileEncoding = 4; lastKnownFileType = sourcecode.swift; path = DestinationMapView.swift; sourceTree = "<group>"; };
		5641CB30289CFFAC00432AFA /* GreetingView.swift */ = {isa = PBXFileReference; fileEncoding = 4; lastKnownFileType = sourcecode.swift; path = GreetingView.swift; sourceTree = "<group>"; };
		5641CB31289CFFAC00432AFA /* DestinationPopular.swift */ = {isa = PBXFileReference; fileEncoding = 4; lastKnownFileType = sourcecode.swift; path = DestinationPopular.swift; sourceTree = "<group>"; };
		5641CB32289CFFAC00432AFA /* DestinationCard3.swift */ = {isa = PBXFileReference; fileEncoding = 4; lastKnownFileType = sourcecode.swift; path = DestinationCard3.swift; sourceTree = "<group>"; };
		5641CB33289CFFAC00432AFA /* DestinationTabView.swift */ = {isa = PBXFileReference; fileEncoding = 4; lastKnownFileType = sourcecode.swift; path = DestinationTabView.swift; sourceTree = "<group>"; };
		5641CB34289CFFAC00432AFA /* MainScreenView.swift */ = {isa = PBXFileReference; fileEncoding = 4; lastKnownFileType = sourcecode.swift; path = MainScreenView.swift; sourceTree = "<group>"; };
		5641CB36289CFFAC00432AFA /* AppBarView.swift */ = {isa = PBXFileReference; fileEncoding = 4; lastKnownFileType = sourcecode.swift; path = AppBarView.swift; sourceTree = "<group>"; };
		5641CB37289CFFAC00432AFA /* DestinationRecommended.swift */ = {isa = PBXFileReference; fileEncoding = 4; lastKnownFileType = sourcecode.swift; path = DestinationRecommended.swift; sourceTree = "<group>"; };
		5641CB38289CFFAC00432AFA /* DestinationCard1.swift */ = {isa = PBXFileReference; fileEncoding = 4; lastKnownFileType = sourcecode.swift; path = DestinationCard1.swift; sourceTree = "<group>"; };
		5641CB39289CFFAD00432AFA /* DestinationDetail.swift */ = {isa = PBXFileReference; fileEncoding = 4; lastKnownFileType = sourcecode.swift; path = DestinationDetail.swift; sourceTree = "<group>"; };
		5641CB3B289CFFAD00432AFA /* DestinationCard2.swift */ = {isa = PBXFileReference; fileEncoding = 4; lastKnownFileType = sourcecode.swift; path = DestinationCard2.swift; sourceTree = "<group>"; };
		5641CB3C289CFFAD00432AFA /* DestinationList.swift */ = {isa = PBXFileReference; fileEncoding = 4; lastKnownFileType = sourcecode.swift; path = DestinationList.swift; sourceTree = "<group>"; };
		5641CB4B289CFFC200432AFA /* destinationsData.json */ = {isa = PBXFileReference; fileEncoding = 4; lastKnownFileType = text.json; path = destinationsData.json; sourceTree = "<group>"; };
		5641CB4D289CFFE700432AFA /* WelcomeView.swift */ = {isa = PBXFileReference; lastKnownFileType = sourcecode.swift; path = WelcomeView.swift; sourceTree = "<group>"; };
		5699E83D289390580020A51E /* TravelApp.app */ = {isa = PBXFileReference; explicitFileType = wrapper.application; includeInIndex = 0; path = TravelApp.app; sourceTree = BUILT_PRODUCTS_DIR; };
		5699E840289390580020A51E /* TravelAppApp.swift */ = {isa = PBXFileReference; lastKnownFileType = sourcecode.swift; path = TravelAppApp.swift; sourceTree = "<group>"; };
		5699E842289390580020A51E /* ContentView.swift */ = {isa = PBXFileReference; lastKnownFileType = sourcecode.swift; path = ContentView.swift; sourceTree = "<group>"; };
		5699E844289390590020A51E /* Assets.xcassets */ = {isa = PBXFileReference; lastKnownFileType = folder.assetcatalog; path = Assets.xcassets; sourceTree = "<group>"; };
		5699E847289390590020A51E /* Preview Assets.xcassets */ = {isa = PBXFileReference; lastKnownFileType = folder.assetcatalog; path = "Preview Assets.xcassets"; sourceTree = "<group>"; };
/* End PBXFileReference section */

/* Begin PBXFrameworksBuildPhase section */
		5699E83A289390580020A51E /* Frameworks */ = {
			isa = PBXFrameworksBuildPhase;
			buildActionMask = 2147483647;
			files = (
			);
			runOnlyForDeploymentPostprocessing = 0;
		};
/* End PBXFrameworksBuildPhase section */

/* Begin PBXGroup section */
		5641CAC9289CFB4E00432AFA /* Models */ = {
			isa = PBXGroup;
			children = (
				5641CB2C289CFF9900432AFA /* Destination.swift */,
				5641CB2B289CFF9900432AFA /* ModelData.swift */,
			);
			path = Models;
			sourceTree = "<group>";
		};
		5641CACE289CFB9700432AFA /* Views */ = {
			isa = PBXGroup;
			children = (
				5641CB4D289CFFE700432AFA /* WelcomeView.swift */,
				5641CB36289CFFAC00432AFA /* AppBarView.swift */,
				5641CB38289CFFAC00432AFA /* DestinationCard1.swift */,
				5641CB3B289CFFAD00432AFA /* DestinationCard2.swift */,
				5641CB32289CFFAC00432AFA /* DestinationCard3.swift */,
				5641CB39289CFFAD00432AFA /* DestinationDetail.swift */,
				5641CB3C289CFFAD00432AFA /* DestinationList.swift */,
				5641CB2F289CFFAC00432AFA /* DestinationMapView.swift */,
				5641CB31289CFFAC00432AFA /* DestinationPopular.swift */,
				5641CB37289CFFAC00432AFA /* DestinationRecommended.swift */,
				5641CB33289CFFAC00432AFA /* DestinationTabView.swift */,
				5641CB30289CFFAC00432AFA /* GreetingView.swift */,
				5641CB34289CFFAC00432AFA /* MainScreenView.swift */,
			);
			path = Views;
			sourceTree = "<group>";
		};
		5699E834289390580020A51E = {
			isa = PBXGroup;
			children = (
				5699E83F289390580020A51E /* TravelApp */,
				5699E83E289390580020A51E /* Products */,
			);
			sourceTree = "<group>";
		};
		5699E83E289390580020A51E /* Products */ = {
			isa = PBXGroup;
			children = (
				5699E83D289390580020A51E /* TravelApp.app */,
			);
			name = Products;
			sourceTree = "<group>";
		};
		5699E83F289390580020A51E /* TravelApp */ = {
			isa = PBXGroup;
			children = (
				5641CB4B289CFFC200432AFA /* destinationsData.json */,
				5641CACE289CFB9700432AFA /* Views */,
				5641CAC9289CFB4E00432AFA /* Models */,
				5699E840289390580020A51E /* TravelAppApp.swift */,
				5699E842289390580020A51E /* ContentView.swift */,
				5699E844289390590020A51E /* Assets.xcassets */,
				5699E846289390590020A51E /* Preview Content */,
			);
			path = TravelApp;
			sourceTree = "<group>";
		};
		5699E846289390590020A51E /* Preview Content */ = {
			isa = PBXGroup;
			children = (
				5699E847289390590020A51E /* Preview Assets.xcassets */,
			);
			path = "Preview Content";
			sourceTree = "<group>";
		};
/* End PBXGroup section */

/* Begin PBXNativeTarget section */
		5699E83C289390580020A51E /* TravelApp */ = {
			isa = PBXNativeTarget;
			buildConfigurationList = 5699E84B289390590020A51E /* Build configuration list for PBXNativeTarget "TravelApp" */;
			buildPhases = (
				5699E839289390580020A51E /* Sources */,
				5699E83A289390580020A51E /* Frameworks */,
				5699E83B289390580020A51E /* Resources */,
			);
			buildRules = (
			);
			dependencies = (
			);
			name = TravelApp;
			productName = TravelApp;
			productReference = 5699E83D289390580020A51E /* TravelApp.app */;
			productType = "com.apple.product-type.application";
		};
/* End PBXNativeTarget section */

/* Begin PBXProject section */
		5699E835289390580020A51E /* Project object */ = {
			isa = PBXProject;
			attributes = {
				BuildIndependentTargetsInParallel = 1;
				LastSwiftUpdateCheck = 1310;
				LastUpgradeCheck = 1310;
				TargetAttributes = {
					5699E83C289390580020A51E = {
						CreatedOnToolsVersion = 13.1;
					};
				};
			};
			buildConfigurationList = 5699E838289390580020A51E /* Build configuration list for PBXProject "TravelApp" */;
			compatibilityVersion = "Xcode 13.0";
			developmentRegion = en;
			hasScannedForEncodings = 0;
			knownRegions = (
				en,
				Base,
			);
			mainGroup = 5699E834289390580020A51E;
			productRefGroup = 5699E83E289390580020A51E /* Products */;
			projectDirPath = "";
			projectRoot = "";
			targets = (
				5699E83C289390580020A51E /* TravelApp */,
			);
		};
/* End PBXProject section */

/* Begin PBXResourcesBuildPhase section */
		5699E83B289390580020A51E /* Resources */ = {
			isa = PBXResourcesBuildPhase;
			buildActionMask = 2147483647;
			files = (
				5641CB4C289CFFC200432AFA /* destinationsData.json in Resources */,
				5699E848289390590020A51E /* Preview Assets.xcassets in Resources */,
				5699E845289390590020A51E /* Assets.xcassets in Resources */,
			);
			runOnlyForDeploymentPostprocessing = 0;
		};
/* End PBXResourcesBuildPhase section */

/* Begin PBXSourcesBuildPhase section */
		5699E839289390580020A51E /* Sources */ = {
			isa = PBXSourcesBuildPhase;
			buildActionMask = 2147483647;
			files = (
				5641CB45289CFFAD00432AFA /* DestinationRecommended.swift in Sources */,
				5641CB40289CFFAD00432AFA /* DestinationCard3.swift in Sources */,
				5641CB46289CFFAD00432AFA /* DestinationCard1.swift in Sources */,
				5641CB44289CFFAD00432AFA /* AppBarView.swift in Sources */,
				5641CB42289CFFAD00432AFA /* MainScreenView.swift in Sources */,
				5641CB4A289CFFAD00432AFA /* DestinationList.swift in Sources */,
				5699E843289390580020A51E /* ContentView.swift in Sources */,
				5641CB3E289CFFAD00432AFA /* GreetingView.swift in Sources */,
				5641CB47289CFFAD00432AFA /* DestinationDetail.swift in Sources */,
				5641CB41289CFFAD00432AFA /* DestinationTabView.swift in Sources */,
				5699E841289390580020A51E /* TravelAppApp.swift in Sources */,
				5641CB2E289CFF9900432AFA /* Destination.swift in Sources */,
				5641CB3F289CFFAD00432AFA /* DestinationPopular.swift in Sources */,
				5641CB50289CFFE700432AFA /* WelcomeView.swift in Sources */,
				5641CB3D289CFFAD00432AFA /* DestinationMapView.swift in Sources */,
				5641CB2D289CFF9900432AFA /* ModelData.swift in Sources */,
				5641CB49289CFFAD00432AFA /* DestinationCard2.swift in Sources */,
			);
			runOnlyForDeploymentPostprocessing = 0;
		};
/* End PBXSourcesBuildPhase section */

/* Begin XCBuildConfiguration section */
		5699E849289390590020A51E /* Debug */ = {
			isa = XCBuildConfiguration;
			buildSettings = {
				ALWAYS_SEARCH_USER_PATHS = NO;
				CLANG_ANALYZER_NONNULL = YES;
				CLANG_ANALYZER_NUMBER_OBJECT_CONVERSION = YES_AGGRESSIVE;
				CLANG_CXX_LANGUAGE_STANDARD = "gnu++17";
				CLANG_CXX_LIBRARY = "libc++";
				CLANG_ENABLE_MODULES = YES;
				CLANG_ENABLE_OBJC_ARC = YES;
				CLANG_ENABLE_OBJC_WEAK = YES;
				CLANG_WARN_BLOCK_CAPTURE_AUTORELEASING = YES;
				CLANG_WARN_BOOL_CONVERSION = YES;
				CLANG_WARN_COMMA = YES;
				CLANG_WARN_CONSTANT_CONVERSION = YES;
				CLANG_WARN_DEPRECATED_OBJC_IMPLEMENTATIONS = YES;
				CLANG_WARN_DIRECT_OBJC_ISA_USAGE = YES_ERROR;
				CLANG_WARN_DOCUMENTATION_COMMENTS = YES;
				CLANG_WARN_EMPTY_BODY = YES;
				CLANG_WARN_ENUM_CONVERSION = YES;
				CLANG_WARN_INFINITE_RECURSION = YES;
				CLANG_WARN_INT_CONVERSION = YES;
				CLANG_WARN_NON_LITERAL_NULL_CONVERSION = YES;
				CLANG_WARN_OBJC_IMPLICIT_RETAIN_SELF = YES;
				CLANG_WARN_OBJC_LITERAL_CONVERSION = YES;
				CLANG_WARN_OBJC_ROOT_CLASS = YES_ERROR;
				CLANG_WARN_QUOTED_INCLUDE_IN_FRAMEWORK_HEADER = YES;
				CLANG_WARN_RANGE_LOOP_ANALYSIS = YES;
				CLANG_WARN_STRICT_PROTOTYPES = YES;
				CLANG_WARN_SUSPICIOUS_MOVE = YES;
				CLANG_WARN_UNGUARDED_AVAILABILITY = YES_AGGRESSIVE;
				CLANG_WARN_UNREACHABLE_CODE = YES;
				CLANG_WARN__DUPLICATE_METHOD_MATCH = YES;
				COPY_PHASE_STRIP = NO;
				DEBUG_INFORMATION_FORMAT = dwarf;
				ENABLE_STRICT_OBJC_MSGSEND = YES;
				ENABLE_TESTABILITY = YES;
				GCC_C_LANGUAGE_STANDARD = gnu11;
				GCC_DYNAMIC_NO_PIC = NO;
				GCC_NO_COMMON_BLOCKS = YES;
				GCC_OPTIMIZATION_LEVEL = 0;
				GCC_PREPROCESSOR_DEFINITIONS = (
					"DEBUG=1",
					"$(inherited)",
				);
				GCC_WARN_64_TO_32_BIT_CONVERSION = YES;
				GCC_WARN_ABOUT_RETURN_TYPE = YES_ERROR;
				GCC_WARN_UNDECLARED_SELECTOR = YES;
				GCC_WARN_UNINITIALIZED_AUTOS = YES_AGGRESSIVE;
				GCC_WARN_UNUSED_FUNCTION = YES;
				GCC_WARN_UNUSED_VARIABLE = YES;
				IPHONEOS_DEPLOYMENT_TARGET = 15.0;
				MTL_ENABLE_DEBUG_INFO = INCLUDE_SOURCE;
				MTL_FAST_MATH = YES;
				ONLY_ACTIVE_ARCH = YES;
				SDKROOT = iphoneos;
				SWIFT_ACTIVE_COMPILATION_CONDITIONS = DEBUG;
				SWIFT_OPTIMIZATION_LEVEL = "-Onone";
			};
			name = Debug;
		};
		5699E84A289390590020A51E /* Release */ = {
			isa = XCBuildConfiguration;
			buildSettings = {
				ALWAYS_SEARCH_USER_PATHS = NO;
				CLANG_ANALYZER_NONNULL = YES;
				CLANG_ANALYZER_NUMBER_OBJECT_CONVERSION = YES_AGGRESSIVE;
				CLANG_CXX_LANGUAGE_STANDARD = "gnu++17";
				CLANG_CXX_LIBRARY = "libc++";
				CLANG_ENABLE_MODULES = YES;
				CLANG_ENABLE_OBJC_ARC = YES;
				CLANG_ENABLE_OBJC_WEAK = YES;
				CLANG_WARN_BLOCK_CAPTURE_AUTORELEASING = YES;
				CLANG_WARN_BOOL_CONVERSION = YES;
				CLANG_WARN_COMMA = YES;
				CLANG_WARN_CONSTANT_CONVERSION = YES;
				CLANG_WARN_DEPRECATED_OBJC_IMPLEMENTATIONS = YES;
				CLANG_WARN_DIRECT_OBJC_ISA_USAGE = YES_ERROR;
				CLANG_WARN_DOCUMENTATION_COMMENTS = YES;
				CLANG_WARN_EMPTY_BODY = YES;
				CLANG_WARN_ENUM_CONVERSION = YES;
				CLANG_WARN_INFINITE_RECURSION = YES;
				CLANG_WARN_INT_CONVERSION = YES;
				CLANG_WARN_NON_LITERAL_NULL_CONVERSION = YES;
				CLANG_WARN_OBJC_IMPLICIT_RETAIN_SELF = YES;
				CLANG_WARN_OBJC_LITERAL_CONVERSION = YES;
				CLANG_WARN_OBJC_ROOT_CLASS = YES_ERROR;
				CLANG_WARN_QUOTED_INCLUDE_IN_FRAMEWORK_HEADER = YES;
				CLANG_WARN_RANGE_LOOP_ANALYSIS = YES;
				CLANG_WARN_STRICT_PROTOTYPES = YES;
				CLANG_WARN_SUSPICIOUS_MOVE = YES;
				CLANG_WARN_UNGUARDED_AVAILABILITY = YES_AGGRESSIVE;
				CLANG_WARN_UNREACHABLE_CODE = YES;
				CLANG_WARN__DUPLICATE_METHOD_MATCH = YES;
				COPY_PHASE_STRIP = NO;
				DEBUG_INFORMATION_FORMAT = "dwarf-with-dsym";
				ENABLE_NS_ASSERTIONS = NO;
				ENABLE_STRICT_OBJC_MSGSEND = YES;
				GCC_C_LANGUAGE_STANDARD = gnu11;
				GCC_NO_COMMON_BLOCKS = YES;
				GCC_WARN_64_TO_32_BIT_CONVERSION = YES;
				GCC_WARN_ABOUT_RETURN_TYPE = YES_ERROR;
				GCC_WARN_UNDECLARED_SELECTOR = YES;
				GCC_WARN_UNINITIALIZED_AUTOS = YES_AGGRESSIVE;
				GCC_WARN_UNUSED_FUNCTION = YES;
				GCC_WARN_UNUSED_VARIABLE = YES;
				IPHONEOS_DEPLOYMENT_TARGET = 15.0;
				MTL_ENABLE_DEBUG_INFO = NO;
				MTL_FAST_MATH = YES;
				SDKROOT = iphoneos;
				SWIFT_COMPILATION_MODE = wholemodule;
				SWIFT_OPTIMIZATION_LEVEL = "-O";
				VALIDATE_PRODUCT = YES;
			};
			name = Release;
		};
		5699E84C289390590020A51E /* Debug */ = {
			isa = XCBuildConfiguration;
			buildSettings = {
				ASSETCATALOG_COMPILER_APPICON_NAME = AppIcon;
				ASSETCATALOG_COMPILER_GLOBAL_ACCENT_COLOR_NAME = AccentColor;
				CODE_SIGN_STYLE = Automatic;
				CURRENT_PROJECT_VERSION = 1;
				DEVELOPMENT_ASSET_PATHS = "\"TravelApp/Preview Content\"";
				ENABLE_PREVIEWS = YES;
				GENERATE_INFOPLIST_FILE = YES;
				INFOPLIST_KEY_UIApplicationSceneManifest_Generation = YES;
				INFOPLIST_KEY_UIApplicationSupportsIndirectInputEvents = YES;
				INFOPLIST_KEY_UILaunchScreen_Generation = YES;
				INFOPLIST_KEY_UISupportedInterfaceOrientations_iPad = "UIInterfaceOrientationPortrait UIInterfaceOrientationPortraitUpsideDown UIInterfaceOrientationLandscapeLeft UIInterfaceOrientationLandscapeRight";
				INFOPLIST_KEY_UISupportedInterfaceOrientations_iPhone = "UIInterfaceOrientationPortrait UIInterfaceOrientationLandscapeLeft UIInterfaceOrientationLandscapeRight";
				LD_RUNPATH_SEARCH_PATHS = (
					"$(inherited)",
					"@executable_path/Frameworks",
				);
				MARKETING_VERSION = 1.0;
				PRODUCT_BUNDLE_IDENTIFIER = vn.edu.rmit.minh.TravelApp;
				PRODUCT_NAME = "$(TARGET_NAME)";
				SWIFT_EMIT_LOC_STRINGS = YES;
				SWIFT_VERSION = 5.0;
				TARGETED_DEVICE_FAMILY = "1,2";
			};
			name = Debug;
		};
		5699E84D289390590020A51E /* Release */ = {
			isa = XCBuildConfiguration;
			buildSettings = {
				ASSETCATALOG_COMPILER_APPICON_NAME = AppIcon;
				ASSETCATALOG_COMPILER_GLOBAL_ACCENT_COLOR_NAME = AccentColor;
				CODE_SIGN_STYLE = Automatic;
				CURRENT_PROJECT_VERSION = 1;
				DEVELOPMENT_ASSET_PATHS = "\"TravelApp/Preview Content\"";
				ENABLE_PREVIEWS = YES;
				GENERATE_INFOPLIST_FILE = YES;
				INFOPLIST_KEY_UIApplicationSceneManifest_Generation = YES;
				INFOPLIST_KEY_UIApplicationSupportsIndirectInputEvents = YES;
				INFOPLIST_KEY_UILaunchScreen_Generation = YES;
				INFOPLIST_KEY_UISupportedInterfaceOrientations_iPad = "UIInterfaceOrientationPortrait UIInterfaceOrientationPortraitUpsideDown UIInterfaceOrientationLandscapeLeft UIInterfaceOrientationLandscapeRight";
				INFOPLIST_KEY_UISupportedInterfaceOrientations_iPhone = "UIInterfaceOrientationPortrait UIInterfaceOrientationLandscapeLeft UIInterfaceOrientationLandscapeRight";
				LD_RUNPATH_SEARCH_PATHS = (
					"$(inherited)",
					"@executable_path/Frameworks",
				);
				MARKETING_VERSION = 1.0;
				PRODUCT_BUNDLE_IDENTIFIER = vn.edu.rmit.minh.TravelApp;
				PRODUCT_NAME = "$(TARGET_NAME)";
				SWIFT_EMIT_LOC_STRINGS = YES;
				SWIFT_VERSION = 5.0;
				TARGETED_DEVICE_FAMILY = "1,2";
			};
			name = Release;
		};
/* End XCBuildConfiguration section */

/* Begin XCConfigurationList section */
		5699E838289390580020A51E /* Build configuration list for PBXProject "TravelApp" */ = {
			isa = XCConfigurationList;
			buildConfigurations = (
				5699E849289390590020A51E /* Debug */,
				5699E84A289390590020A51E /* Release */,
			);
			defaultConfigurationIsVisible = 0;
			defaultConfigurationName = Release;
		};
		5699E84B289390590020A51E /* Build configuration list for PBXNativeTarget "TravelApp" */ = {
			isa = XCConfigurationList;
			buildConfigurations = (
				5699E84C289390590020A51E /* Debug */,
				5699E84D289390590020A51E /* Release */,
			);
			defaultConfigurationIsVisible = 0;
			defaultConfigurationName = Release;
		};
/* End XCConfigurationList section */
	};
	rootObject = 5699E835289390580020A51E /* Project object */;
}
